
Microsoft Visual Studio Solution File, Format Version 12.00
# Visual Studio 15
VisualStudioVersion = 15.0.28010.2048
MinimumVisualStudioVersion = 10.0.40219.1
Project("{8BC9CEB8-8B4A-11D0-8D11-00A0C91BC942}") = "ConsoleStepByStep", "ConsoleStepByStep\ConsoleStepByStep.vcxproj", "{1D18E661-C8F0-4B6B-9ECF-704C2CE1D98B}"
EndProject
Global
	GlobalSection(SolutionConfigurationPlatforms) = preSolution
		Debug|x64 = Debug|x64
		Debug|x86 = Debug|x86
		Release|x64 = Release|x64
		Release|x86 = Release|x86
	EndGlobalSection
	GlobalSection(ProjectConfigurationPlatforms) = postSolution
		{1D18E661-C8F0-4B6B-9ECF-704C2CE1D98B}.Debug|x64.ActiveCfg = Debug|x64
		{1D18E661-C8F0-4B6B-9ECF-704C2CE1D98B}.Debug|x64.Build.0 = Debug|x64
		{1D18E661-C8F0-4B6B-9ECF-704C2CE1D98B}.Debug|x86.ActiveCfg = Debug|Win32
		{1D18E661-C8F0-4B6B-9ECF-704C2CE1D98B}.Debug|x86.Build.0 = Debug|Win32
		{1D18E661-C8F0-4B6B-9ECF-704C2CE1D98B}.Release|x64.ActiveCfg = Release|x64
		{1D18E661-C8F0-4B6B-9ECF-704C2CE1D98B}.Release|x64.Build.0 = Release|x64
		{1D18E661-C8F0-4B6B-9ECF-704C2CE1D98B}.Release|x86.ActiveCfg = Release|Win32
		{1D18E661-C8F0-4B6B-9ECF-704C2CE1D98B}.Release|x86.Build.0 = Release|Win32
	EndGlobalSection
	GlobalSection(SolutionProperties) = preSolution
		HideSolutionNode = FALSE
	EndGlobalSection
	GlobalSection(ExtensibilityGlobals) = postSolution
		SolutionGuid = {0084330D-7060-4CA7-A433-4E6A014C0094}
	EndGlobalSection
EndGlobal
